
Microsoft Visual Studio Solution File, Format Version 12.00
# Visual Studio 15
VisualStudioVersion = 15.0.27428.1
MinimumVisualStudioVersion = 10.0.40219.1
Project("{FAE04EC0-301F-11D3-BF4B-00C04F79EFBC}") = "Protocols", "Protocols\Protocols.csproj", "{B46DA5B6-A551-43E2-8D91-23600A21038E}"
EndProject
Project("{FAE04EC0-301F-11D3-BF4B-00C04F79EFBC}") = "CAN", "CAN\CAN.csproj", "{C0060A63-FD50-40FB-A55B-72C5ADBEFE09}"
EndProject
Global
	GlobalSection(SolutionConfigurationPlatforms) = preSolution
		Debug|Any CPU = Debug|Any CPU
		Release|Any CPU = Release|Any CPU
	EndGlobalSection
	GlobalSection(ProjectConfigurationPlatforms) = postSolution
		{B46DA5B6-A551-43E2-8D91-23600A21038E}.Debug|Any CPU.ActiveCfg = Debug|Any CPU
		{B46DA5B6-A551-43E2-8D91-23600A21038E}.Debug|Any CPU.Build.0 = Debug|Any CPU
		{B46DA5B6-A551-43E2-8D91-23600A21038E}.Release|Any CPU.ActiveCfg = Release|Any CPU
		{B46DA5B6-A551-43E2-8D91-23600A21038E}.Release|Any CPU.Build.0 = Release|Any CPU
		{C0060A63-FD50-40FB-A55B-72C5ADBEFE09}.Debug|Any CPU.ActiveCfg = Debug|Any CPU
		{C0060A63-FD50-40FB-A55B-72C5ADBEFE09}.Debug|Any CPU.Build.0 = Debug|Any CPU
		{C0060A63-FD50-40FB-A55B-72C5ADBEFE09}.Release|Any CPU.ActiveCfg = Release|Any CPU
		{C0060A63-FD50-40FB-A55B-72C5ADBEFE09}.Release|Any CPU.Build.0 = Release|Any CPU
	EndGlobalSection
	GlobalSection(SolutionProperties) = preSolution
		HideSolutionNode = FALSE
	EndGlobalSection
	GlobalSection(ExtensibilityGlobals) = postSolution
		SolutionGuid = {DB37A672-7CC3-4226-B42B-F6FA6C02F194}
	EndGlobalSection
EndGlobal
